
Microsoft Visual Studio Solution File, Format Version 12.00
# Visual Studio Version 17
VisualStudioVersion = 17.5.33414.496
MinimumVisualStudioVersion = 10.0.40219.1
Project("{FAE04EC0-301F-11D3-BF4B-00C04F79EFBC}") = "EntreeAPI", "EntreeAPI\EntreeAPI.csproj", "{D60EE766-01C2-4BFD-864C-4FEE7B70F13A}"
EndProject
Global
	GlobalSection(SolutionConfigurationPlatforms) = preSolution
		Debug|Any CPU = Debug|Any CPU
		Release|Any CPU = Release|Any CPU
	EndGlobalSection
	GlobalSection(ProjectConfigurationPlatforms) = postSolution
		{D60EE766-01C2-4BFD-864C-4FEE7B70F13A}.Debug|Any CPU.ActiveCfg = Debug|Any CPU
		{D60EE766-01C2-4BFD-864C-4FEE7B70F13A}.Debug|Any CPU.Build.0 = Debug|Any CPU
		{D60EE766-01C2-4BFD-864C-4FEE7B70F13A}.Release|Any CPU.ActiveCfg = Release|Any CPU
		{D60EE766-01C2-4BFD-864C-4FEE7B70F13A}.Release|Any CPU.Build.0 = Release|Any CPU
	EndGlobalSection
	GlobalSection(SolutionProperties) = preSolution
		HideSolutionNode = FALSE
	EndGlobalSection
	GlobalSection(ExtensibilityGlobals) = postSolution
		SolutionGuid = {B7F47802-646A-4879-9618-601A02471353}
	EndGlobalSection
EndGlobal
